// !$*UTF8*$!
{
	archiveVersion = 1;
	classes = {
	};
	objectVersion = 46;
	objects = {

/* Begin PBXBuildFile section */
		3B48A92C7D217435CF908E04 /* Pods_Character.framework in Frameworks */ = {isa = PBXBuildFile; fileRef = 37345BBC5059B616A69B6EB1 /* Pods_Character.framework */; };
		D513BB6E1D6F3FE000BA20A6 /* SetupProfileViewController.swift in Sources */ = {isa = PBXBuildFile; fileRef = D513BB6D1D6F3FE000BA20A6 /* SetupProfileViewController.swift */; };
		D51C22981E92C89000887F42 /* DateTableViewCell.swift in Sources */ = {isa = PBXBuildFile; fileRef = D51C22971E92C89000887F42 /* DateTableViewCell.swift */; };
		D521BCD81E5DF182004A7756 /* Schedule.swift in Sources */ = {isa = PBXBuildFile; fileRef = D521BCD71E5DF182004A7756 /* Schedule.swift */; };
		D52BAAF91E8D92AA002309C7 /* CreateQuoteViewController.swift in Sources */ = {isa = PBXBuildFile; fileRef = D52BAAF81E8D92AA002309C7 /* CreateQuoteViewController.swift */; };
		D52C40B31D7240BB004A4724 /* FeedbackViewController.swift in Sources */ = {isa = PBXBuildFile; fileRef = D52C40B21D7240BB004A4724 /* FeedbackViewController.swift */; };
		D53F1D201D76256A00B1A194 /* PledgeTableViewCell.swift in Sources */ = {isa = PBXBuildFile; fileRef = D53F1D1F1D76256A00B1A194 /* PledgeTableViewCell.swift */; };
		D53F1D221D7625AF00B1A194 /* PledgeViewController.swift in Sources */ = {isa = PBXBuildFile; fileRef = D53F1D211D7625AF00B1A194 /* PledgeViewController.swift */; };
		D54C39751E896F87002D8AC8 /* BehaviorViewController.swift in Sources */ = {isa = PBXBuildFile; fileRef = D54C39741E896F87002D8AC8 /* BehaviorViewController.swift */; };
		D54C39771E8973D4002D8AC8 /* BehaviorTableViewCell.swift in Sources */ = {isa = PBXBuildFile; fileRef = D54C39761E8973D4002D8AC8 /* BehaviorTableViewCell.swift */; };
		D54C39791E89C3DC002D8AC8 /* MyNotesFooterView.swift in Sources */ = {isa = PBXBuildFile; fileRef = D54C39781E89C3DC002D8AC8 /* MyNotesFooterView.swift */; };
		D54C397B1E89CA7F002D8AC8 /* MySubmissionsTableViewController.swift in Sources */ = {isa = PBXBuildFile; fileRef = D54C397A1E89CA7F002D8AC8 /* MySubmissionsTableViewController.swift */; };
		D56ED1DC1D77532E009D61E6 /* ScoreViewController.swift in Sources */ = {isa = PBXBuildFile; fileRef = D56ED1DB1D77532E009D61E6 /* ScoreViewController.swift */; };
		D572F49B1D6DF219000391F2 /* MoreViewController.swift in Sources */ = {isa = PBXBuildFile; fileRef = D572F49A1D6DF219000391F2 /* MoreViewController.swift */; };
		D572F4A41D6E0C21000391F2 /* Lesson.swift in Sources */ = {isa = PBXBuildFile; fileRef = D572F4A31D6E0C21000391F2 /* Lesson.swift */; };
		D572F4A61D6E2729000391F2 /* Extensions.swift in Sources */ = {isa = PBXBuildFile; fileRef = D572F4A51D6E2729000391F2 /* Extensions.swift */; };
		D572F4A81D6E273D000391F2 /* Character.swift in Sources */ = {isa = PBXBuildFile; fileRef = D572F4A71D6E273D000391F2 /* Character.swift */; };
		D59B04161D6C96D500E6624B /* AppDelegate.swift in Sources */ = {isa = PBXBuildFile; fileRef = D59B04151D6C96D500E6624B /* AppDelegate.swift */; };
		D59B041D1D6C96D500E6624B /* Assets.xcassets in Resources */ = {isa = PBXBuildFile; fileRef = D59B041C1D6C96D500E6624B /* Assets.xcassets */; };
		D59B04201D6C96D500E6624B /* LaunchScreen.storyboard in Resources */ = {isa = PBXBuildFile; fileRef = D59B041E1D6C96D500E6624B /* LaunchScreen.storyboard */; };
		D59B04391D6CA4B700E6624B /* LoginViewController.swift in Sources */ = {isa = PBXBuildFile; fileRef = D59B04331D6CA4B700E6624B /* LoginViewController.swift */; };
		D59B043C1D6CA4B700E6624B /* Cache.swift in Sources */ = {isa = PBXBuildFile; fileRef = D59B04371D6CA4B700E6624B /* Cache.swift */; };
		D59B043D1D6CA4B700E6624B /* Fire.swift in Sources */ = {isa = PBXBuildFile; fileRef = D59B04381D6CA4B700E6624B /* Fire.swift */; };
		D59B043F1D6CA51500E6624B /* GoogleService-Info.plist in Resources */ = {isa = PBXBuildFile; fileRef = D59B043E1D6CA51500E6624B /* GoogleService-Info.plist */; };
		D59B04421D6CA75600E6624B /* MasterController.swift in Sources */ = {isa = PBXBuildFile; fileRef = D59B04411D6CA75600E6624B /* MasterController.swift */; };
		D59B04561D6CB04600E6624B /* ChallengesTableViewCell.swift in Sources */ = {isa = PBXBuildFile; fileRef = D59B04451D6CB04600E6624B /* ChallengesTableViewCell.swift */; };
		D59B04571D6CB04600E6624B /* LessonsTableViewCell.swift in Sources */ = {isa = PBXBuildFile; fileRef = D59B04461D6CB04600E6624B /* LessonsTableViewCell.swift */; };
		D59B04581D6CB04600E6624B /* LessonTableViewCell.swift in Sources */ = {isa = PBXBuildFile; fileRef = D59B04471D6CB04600E6624B /* LessonTableViewCell.swift */; };
		D59B04591D6CB04600E6624B /* QuoteTableViewCell.swift in Sources */ = {isa = PBXBuildFile; fileRef = D59B04481D6CB04600E6624B /* QuoteTableViewCell.swift */; };
		D59B045A1D6CB04600E6624B /* SuperLessonTableViewCell.swift in Sources */ = {isa = PBXBuildFile; fileRef = D59B04491D6CB04600E6624B /* SuperLessonTableViewCell.swift */; };
		D59B045B1D6CB04600E6624B /* LessonsTableViewController.swift in Sources */ = {isa = PBXBuildFile; fileRef = D59B044A1D6CB04600E6624B /* LessonsTableViewController.swift */; };
		D59B045C1D6CB04600E6624B /* LessonTableViewController.swift in Sources */ = {isa = PBXBuildFile; fileRef = D59B044B1D6CB04600E6624B /* LessonTableViewController.swift */; };
		D59B045E1D6CB04600E6624B /* ChallengesViewController.swift in Sources */ = {isa = PBXBuildFile; fileRef = D59B044E1D6CB04600E6624B /* ChallengesViewController.swift */; };
		D59B045F1D6CB04600E6624B /* ChallengeTableViewCell.swift in Sources */ = {isa = PBXBuildFile; fileRef = D59B044F1D6CB04600E6624B /* ChallengeTableViewCell.swift */; };
		D59B04601D6CB04600E6624B /* LessonViewController.swift in Sources */ = {isa = PBXBuildFile; fileRef = D59B04501D6CB04600E6624B /* LessonViewController.swift */; };
		D59B04611D6CB04600E6624B /* QuoteViewController.swift in Sources */ = {isa = PBXBuildFile; fileRef = D59B04511D6CB04600E6624B /* QuoteViewController.swift */; };
		D59B04681D6CBF7000E6624B /* Style.swift in Sources */ = {isa = PBXBuildFile; fileRef = D59B04671D6CBF7000E6624B /* Style.swift */; };
		D5AA5F831E93EF6200B6EDA4 /* ProfileViewController.swift in Sources */ = {isa = PBXBuildFile; fileRef = D5AA5F821E93EF6200B6EDA4 /* ProfileViewController.swift */; };
		D5AA5F851E93EF7900B6EDA4 /* PillarOrderViewController.swift in Sources */ = {isa = PBXBuildFile; fileRef = D5AA5F841E93EF7900B6EDA4 /* PillarOrderViewController.swift */; };
		D5AA5F871E93F48800B6EDA4 /* PillarSwitchTableViewCell.swift in Sources */ = {isa = PBXBuildFile; fileRef = D5AA5F861E93F48800B6EDA4 /* PillarSwitchTableViewCell.swift */; };
		D5DDD4D11E8ACE1D0051E4FC /* CreateLessonViewController.swift in Sources */ = {isa = PBXBuildFile; fileRef = D5DDD4CF1E8ACE1D0051E4FC /* CreateLessonViewController.swift */; };
		D5DDD4D21E8ACE1D0051E4FC /* NotesViewController.swift in Sources */ = {isa = PBXBuildFile; fileRef = D5DDD4D01E8ACE1D0051E4FC /* NotesViewController.swift */; };
		D5F219461E88449000362B5A /* CompletedQuestionView.swift in Sources */ = {isa = PBXBuildFile; fileRef = D5F219451E88449000362B5A /* CompletedQuestionView.swift */; };
		D5F3CE421D735393003FABEF /* CatholicViewController.swift in Sources */ = {isa = PBXBuildFile; fileRef = D5F3CE3C1D735393003FABEF /* CatholicViewController.swift */; };
		D5F3CE471D735393003FABEF /* SixPillarsViewController.swift in Sources */ = {isa = PBXBuildFile; fileRef = D5F3CE411D735393003FABEF /* SixPillarsViewController.swift */; };
		D5F3CE491D7353EA003FABEF /* CharacterToolsViewController.swift in Sources */ = {isa = PBXBuildFile; fileRef = D5F3CE481D7353EA003FABEF /* CharacterToolsViewController.swift */; };
		D5F3CE4B1D7356F0003FABEF /* DatabasePageViewController.swift in Sources */ = {isa = PBXBuildFile; fileRef = D5F3CE4A1D7356F0003FABEF /* DatabasePageViewController.swift */; };
/* End PBXBuildFile section */

/* Begin PBXFileReference section */
		37345BBC5059B616A69B6EB1 /* Pods_Character.framework */ = {isa = PBXFileReference; explicitFileType = wrapper.framework; includeInIndex = 0; path = Pods_Character.framework; sourceTree = BUILT_PRODUCTS_DIR; };
		6D815774EF862690FFA80C6F /* Pods-Character.debug.xcconfig */ = {isa = PBXFileReference; includeInIndex = 1; lastKnownFileType = text.xcconfig; name = "Pods-Character.debug.xcconfig"; path = "Pods/Target Support Files/Pods-Character/Pods-Character.debug.xcconfig"; sourceTree = "<group>"; };
		D513BB6D1D6F3FE000BA20A6 /* SetupProfileViewController.swift */ = {isa = PBXFileReference; fileEncoding = 4; lastKnownFileType = sourcecode.swift; path = SetupProfileViewController.swift; sourceTree = "<group>"; };
		D51C22971E92C89000887F42 /* DateTableViewCell.swift */ = {isa = PBXFileReference; fileEncoding = 4; lastKnownFileType = sourcecode.swift; name = DateTableViewCell.swift; path = ../Lessons/Cells/DateTableViewCell.swift; sourceTree = "<group>"; };
		D521BCD71E5DF182004A7756 /* Schedule.swift */ = {isa = PBXFileReference; fileEncoding = 4; lastKnownFileType = sourcecode.swift; path = Schedule.swift; sourceTree = "<group>"; };
		D523C32C1DA58A7900490E71 /* Character.entitlements */ = {isa = PBXFileReference; lastKnownFileType = text.plist.entitlements; path = Character.entitlements; sourceTree = "<group>"; };
		D52BAAF81E8D92AA002309C7 /* CreateQuoteViewController.swift */ = {isa = PBXFileReference; fileEncoding = 4; lastKnownFileType = sourcecode.swift; name = CreateQuoteViewController.swift; path = Other/CreateQuoteViewController.swift; sourceTree = "<group>"; };
		D52C40B21D7240BB004A4724 /* FeedbackViewController.swift */ = {isa = PBXFileReference; fileEncoding = 4; lastKnownFileType = sourcecode.swift; path = FeedbackViewController.swift; sourceTree = "<group>"; };
		D53F1D1F1D76256A00B1A194 /* PledgeTableViewCell.swift */ = {isa = PBXFileReference; fileEncoding = 4; lastKnownFileType = sourcecode.swift; path = PledgeTableViewCell.swift; sourceTree = "<group>"; };
		D53F1D211D7625AF00B1A194 /* PledgeViewController.swift */ = {isa = PBXFileReference; fileEncoding = 4; lastKnownFileType = sourcecode.swift; path = PledgeViewController.swift; sourceTree = "<group>"; };
		D54C39741E896F87002D8AC8 /* BehaviorViewController.swift */ = {isa = PBXFileReference; fileEncoding = 4; lastKnownFileType = sourcecode.swift; path = BehaviorViewController.swift; sourceTree = "<group>"; };
		D54C39761E8973D4002D8AC8 /* BehaviorTableViewCell.swift */ = {isa = PBXFileReference; fileEncoding = 4; lastKnownFileType = sourcecode.swift; path = BehaviorTableViewCell.swift; sourceTree = "<group>"; };
		D54C39781E89C3DC002D8AC8 /* MyNotesFooterView.swift */ = {isa = PBXFileReference; fileEncoding = 4; lastKnownFileType = sourcecode.swift; path = MyNotesFooterView.swift; sourceTree = "<group>"; };
		D54C397A1E89CA7F002D8AC8 /* MySubmissionsTableViewController.swift */ = {isa = PBXFileReference; fileEncoding = 4; lastKnownFileType = sourcecode.swift; path = MySubmissionsTableViewController.swift; sourceTree = "<group>"; };
		D56ED1DB1D77532E009D61E6 /* ScoreViewController.swift */ = {isa = PBXFileReference; fileEncoding = 4; lastKnownFileType = sourcecode.swift; path = ScoreViewController.swift; sourceTree = "<group>"; };
		D572F49A1D6DF219000391F2 /* MoreViewController.swift */ = {isa = PBXFileReference; fileEncoding = 4; lastKnownFileType = sourcecode.swift; path = MoreViewController.swift; sourceTree = "<group>"; };
		D572F4A31D6E0C21000391F2 /* Lesson.swift */ = {isa = PBXFileReference; fileEncoding = 4; lastKnownFileType = sourcecode.swift; path = Lesson.swift; sourceTree = "<group>"; };
		D572F4A51D6E2729000391F2 /* Extensions.swift */ = {isa = PBXFileReference; fileEncoding = 4; lastKnownFileType = sourcecode.swift; path = Extensions.swift; sourceTree = "<group>"; };
		D572F4A71D6E273D000391F2 /* Character.swift */ = {isa = PBXFileReference; fileEncoding = 4; lastKnownFileType = sourcecode.swift; path = Character.swift; sourceTree = "<group>"; };
		D59B04121D6C96D500E6624B /* Character.app */ = {isa = PBXFileReference; explicitFileType = wrapper.application; includeInIndex = 0; path = Character.app; sourceTree = BUILT_PRODUCTS_DIR; };
		D59B04151D6C96D500E6624B /* AppDelegate.swift */ = {isa = PBXFileReference; lastKnownFileType = sourcecode.swift; path = AppDelegate.swift; sourceTree = "<group>"; };
		D59B041C1D6C96D500E6624B /* Assets.xcassets */ = {isa = PBXFileReference; lastKnownFileType = folder.assetcatalog; path = Assets.xcassets; sourceTree = "<group>"; };
		D59B041F1D6C96D500E6624B /* Base */ = {isa = PBXFileReference; lastKnownFileType = file.storyboard; name = Base; path = Base.lproj/LaunchScreen.storyboard; sourceTree = "<group>"; };
		D59B04211D6C96D500E6624B /* Info.plist */ = {isa = PBXFileReference; lastKnownFileType = text.plist.xml; path = Info.plist; sourceTree = "<group>"; };
		D59B04331D6CA4B700E6624B /* LoginViewController.swift */ = {isa = PBXFileReference; fileEncoding = 4; lastKnownFileType = sourcecode.swift; path = LoginViewController.swift; sourceTree = "<group>"; };
		D59B04371D6CA4B700E6624B /* Cache.swift */ = {isa = PBXFileReference; fileEncoding = 4; lastKnownFileType = sourcecode.swift; path = Cache.swift; sourceTree = "<group>"; };
		D59B04381D6CA4B700E6624B /* Fire.swift */ = {isa = PBXFileReference; fileEncoding = 4; lastKnownFileType = sourcecode.swift; path = Fire.swift; sourceTree = "<group>"; };
		D59B043E1D6CA51500E6624B /* GoogleService-Info.plist */ = {isa = PBXFileReference; fileEncoding = 4; lastKnownFileType = text.plist.xml; path = "GoogleService-Info.plist"; sourceTree = "<group>"; };
		D59B04411D6CA75600E6624B /* MasterController.swift */ = {isa = PBXFileReference; fileEncoding = 4; lastKnownFileType = sourcecode.swift; path = MasterController.swift; sourceTree = "<group>"; };
		D59B04451D6CB04600E6624B /* ChallengesTableViewCell.swift */ = {isa = PBXFileReference; fileEncoding = 4; lastKnownFileType = sourcecode.swift; path = ChallengesTableViewCell.swift; sourceTree = "<group>"; };
		D59B04461D6CB04600E6624B /* LessonsTableViewCell.swift */ = {isa = PBXFileReference; fileEncoding = 4; lastKnownFileType = sourcecode.swift; name = LessonsTableViewCell.swift; path = Cells/LessonsTableViewCell.swift; sourceTree = "<group>"; };
		D59B04471D6CB04600E6624B /* LessonTableViewCell.swift */ = {isa = PBXFileReference; fileEncoding = 4; lastKnownFileType = sourcecode.swift; path = LessonTableViewCell.swift; sourceTree = "<group>"; };
		D59B04481D6CB04600E6624B /* QuoteTableViewCell.swift */ = {isa = PBXFileReference; fileEncoding = 4; lastKnownFileType = sourcecode.swift; path = QuoteTableViewCell.swift; sourceTree = "<group>"; };
		D59B04491D6CB04600E6624B /* SuperLessonTableViewCell.swift */ = {isa = PBXFileReference; fileEncoding = 4; lastKnownFileType = sourcecode.swift; path = SuperLessonTableViewCell.swift; sourceTree = "<group>"; };
		D59B044A1D6CB04600E6624B /* LessonsTableViewController.swift */ = {isa = PBXFileReference; fileEncoding = 4; lastKnownFileType = sourcecode.swift; path = LessonsTableViewController.swift; sourceTree = "<group>"; };
		D59B044B1D6CB04600E6624B /* LessonTableViewController.swift */ = {isa = PBXFileReference; fileEncoding = 4; lastKnownFileType = sourcecode.swift; path = LessonTableViewController.swift; sourceTree = "<group>"; };
		D59B044E1D6CB04600E6624B /* ChallengesViewController.swift */ = {isa = PBXFileReference; fileEncoding = 4; lastKnownFileType = sourcecode.swift; path = ChallengesViewController.swift; sourceTree = "<group>"; };
		D59B044F1D6CB04600E6624B /* ChallengeTableViewCell.swift */ = {isa = PBXFileReference; fileEncoding = 4; lastKnownFileType = sourcecode.swift; path = ChallengeTableViewCell.swift; sourceTree = "<group>"; };
		D59B04501D6CB04600E6624B /* LessonViewController.swift */ = {isa = PBXFileReference; fileEncoding = 4; lastKnownFileType = sourcecode.swift; path = LessonViewController.swift; sourceTree = "<group>"; };
		D59B04511D6CB04600E6624B /* QuoteViewController.swift */ = {isa = PBXFileReference; fileEncoding = 4; lastKnownFileType = sourcecode.swift; path = QuoteViewController.swift; sourceTree = "<group>"; };
		D59B04671D6CBF7000E6624B /* Style.swift */ = {isa = PBXFileReference; fileEncoding = 4; lastKnownFileType = sourcecode.swift; path = Style.swift; sourceTree = "<group>"; };
		D5AA5F821E93EF6200B6EDA4 /* ProfileViewController.swift */ = {isa = PBXFileReference; fileEncoding = 4; lastKnownFileType = sourcecode.swift; path = ProfileViewController.swift; sourceTree = "<group>"; };
		D5AA5F841E93EF7900B6EDA4 /* PillarOrderViewController.swift */ = {isa = PBXFileReference; fileEncoding = 4; lastKnownFileType = sourcecode.swift; path = PillarOrderViewController.swift; sourceTree = "<group>"; };
		D5AA5F861E93F48800B6EDA4 /* PillarSwitchTableViewCell.swift */ = {isa = PBXFileReference; fileEncoding = 4; lastKnownFileType = sourcecode.swift; name = PillarSwitchTableViewCell.swift; path = Character/Settings/PillarSwitchTableViewCell.swift; sourceTree = SOURCE_ROOT; };
		D5DDD4CF1E8ACE1D0051E4FC /* CreateLessonViewController.swift */ = {isa = PBXFileReference; fileEncoding = 4; lastKnownFileType = sourcecode.swift; name = CreateLessonViewController.swift; path = Other/CreateLessonViewController.swift; sourceTree = "<group>"; };
		D5DDD4D01E8ACE1D0051E4FC /* NotesViewController.swift */ = {isa = PBXFileReference; fileEncoding = 4; lastKnownFileType = sourcecode.swift; name = NotesViewController.swift; path = Other/NotesViewController.swift; sourceTree = "<group>"; };
		D5F219451E88449000362B5A /* CompletedQuestionView.swift */ = {isa = PBXFileReference; fileEncoding = 4; lastKnownFileType = sourcecode.swift; path = CompletedQuestionView.swift; sourceTree = "<group>"; };
		D5F3CE3C1D735393003FABEF /* CatholicViewController.swift */ = {isa = PBXFileReference; fileEncoding = 4; lastKnownFileType = sourcecode.swift; path = CatholicViewController.swift; sourceTree = "<group>"; };
		D5F3CE411D735393003FABEF /* SixPillarsViewController.swift */ = {isa = PBXFileReference; fileEncoding = 4; lastKnownFileType = sourcecode.swift; path = SixPillarsViewController.swift; sourceTree = "<group>"; };
		D5F3CE481D7353EA003FABEF /* CharacterToolsViewController.swift */ = {isa = PBXFileReference; fileEncoding = 4; lastKnownFileType = sourcecode.swift; name = CharacterToolsViewController.swift; path = Character/More/CharacterToolsViewController.swift; sourceTree = SOURCE_ROOT; };
		D5F3CE4A1D7356F0003FABEF /* DatabasePageViewController.swift */ = {isa = PBXFileReference; fileEncoding = 4; lastKnownFileType = sourcecode.swift; path = DatabasePageViewController.swift; sourceTree = "<group>"; };
		E59A2F097876356A546089EE /* Pods.framework */ = {isa = PBXFileReference; explicitFileType = wrapper.framework; includeInIndex = 0; path = Pods.framework; sourceTree = BUILT_PRODUCTS_DIR; };
		EF26AEB39053B0A42377F61E /* Pods-Character.release.xcconfig */ = {isa = PBXFileReference; includeInIndex = 1; lastKnownFileType = text.xcconfig; name = "Pods-Character.release.xcconfig"; path = "Pods/Target Support Files/Pods-Character/Pods-Character.release.xcconfig"; sourceTree = "<group>"; };
/* End PBXFileReference section */

/* Begin PBXFrameworksBuildPhase section */
		D59B040F1D6C96D500E6624B /* Frameworks */ = {
			isa = PBXFrameworksBuildPhase;
			buildActionMask = 2147483647;
			files = (
				3B48A92C7D217435CF908E04 /* Pods_Character.framework in Frameworks */,
			);
			runOnlyForDeploymentPostprocessing = 0;
		};
/* End PBXFrameworksBuildPhase section */

/* Begin PBXGroup section */
		17CC34362D592344A224F02B /* Frameworks */ = {
			isa = PBXGroup;
			children = (
				E59A2F097876356A546089EE /* Pods.framework */,
				37345BBC5059B616A69B6EB1 /* Pods_Character.framework */,
			);
			name = Frameworks;
			sourceTree = "<group>";
		};
		D51C22991E92E40900887F42 /* Submissions */ = {
			isa = PBXGroup;
			children = (
				D54C397A1E89CA7F002D8AC8 /* MySubmissionsTableViewController.swift */,
				D51C22971E92C89000887F42 /* DateTableViewCell.swift */,
			);
			name = Submissions;
			sourceTree = "<group>";
		};
		D572F4971D6DF1EE000391F2 /* More */ = {
			isa = PBXGroup;
			children = (
				D572F49A1D6DF219000391F2 /* MoreViewController.swift */,
				D56ED1DB1D77532E009D61E6 /* ScoreViewController.swift */,
				D52C40B21D7240BB004A4724 /* FeedbackViewController.swift */,
				D5F3CE481D7353EA003FABEF /* CharacterToolsViewController.swift */,
				D51C22991E92E40900887F42 /* Submissions */,
				D5F3CE3B1D735393003FABEF /* Additional */,
			);
			path = More;
			sourceTree = "<group>";
		};
		D572F4A21D6E0C21000391F2 /* Model */ = {
			isa = PBXGroup;
			children = (
				D572F4A31D6E0C21000391F2 /* Lesson.swift */,
				D572F4A51D6E2729000391F2 /* Extensions.swift */,
			);
			path = Model;
			sourceTree = "<group>";
		};
		D59B04091D6C96D500E6624B = {
			isa = PBXGroup;
			children = (
				D59B04141D6C96D500E6624B /* Character */,
				D59B04131D6C96D500E6624B /* Products */,
				17CC34362D592344A224F02B /* Frameworks */,
				F95806C2F0489CD64B62C2DE /* Pods */,
			);
			sourceTree = "<group>";
		};
		D59B04131D6C96D500E6624B /* Products */ = {
			isa = PBXGroup;
			children = (
				D59B04121D6C96D500E6624B /* Character.app */,
			);
			name = Products;
			sourceTree = "<group>";
		};
		D59B04141D6C96D500E6624B /* Character */ = {
			isa = PBXGroup;
			children = (
				D523C32C1DA58A7900490E71 /* Character.entitlements */,
				D59B04151D6C96D500E6624B /* AppDelegate.swift */,
				D572F4A21D6E0C21000391F2 /* Model */,
				D59B04361D6CA4B700E6624B /* Singletons */,
				D59B04321D6CA4B700E6624B /* Login */,
				D5AA5F811E93EF3C00B6EDA4 /* Settings */,
				D59B04401D6CA75600E6624B /* Navigation */,
				D59B04431D6CB04600E6624B /* Lessons */,
				D572F4971D6DF1EE000391F2 /* More */,
				D59B041C1D6C96D500E6624B /* Assets.xcassets */,
				D59B041E1D6C96D500E6624B /* LaunchScreen.storyboard */,
				D59B04211D6C96D500E6624B /* Info.plist */,
				D59B043E1D6CA51500E6624B /* GoogleService-Info.plist */,
			);
			path = Character;
			sourceTree = "<group>";
		};
		D59B04321D6CA4B700E6624B /* Login */ = {
			isa = PBXGroup;
			children = (
				D59B04331D6CA4B700E6624B /* LoginViewController.swift */,
				D513BB6D1D6F3FE000BA20A6 /* SetupProfileViewController.swift */,
			);
			path = Login;
			sourceTree = "<group>";
		};
		D59B04361D6CA4B700E6624B /* Singletons */ = {
			isa = PBXGroup;
			children = (
				D59B04381D6CA4B700E6624B /* Fire.swift */,
				D572F4A71D6E273D000391F2 /* Character.swift */,
				D521BCD71E5DF182004A7756 /* Schedule.swift */,
				D59B04671D6CBF7000E6624B /* Style.swift */,
				D59B04371D6CA4B700E6624B /* Cache.swift */,
			);
			path = Singletons;
			sourceTree = "<group>";
		};
		D59B04401D6CA75600E6624B /* Navigation */ = {
			isa = PBXGroup;
			children = (
				D59B04411D6CA75600E6624B /* MasterController.swift */,
			);
			path = Navigation;
			sourceTree = "<group>";
		};
		D59B04431D6CB04600E6624B /* Lessons */ = {
			isa = PBXGroup;
			children = (
				D59B044A1D6CB04600E6624B /* LessonsTableViewController.swift */,
				D59B04461D6CB04600E6624B /* LessonsTableViewCell.swift */,
				D59B044B1D6CB04600E6624B /* LessonTableViewController.swift */,
				D5F219441E88444E00362B5A /* Views */,
				D59B04441D6CB04600E6624B /* Lesson Cells */,
				D5DDD4CE1E8ACDF90051E4FC /* Other Pages */,
				D59B044D1D6CB04600E6624B /* Pages */,
			);
			path = Lessons;
			sourceTree = "<group>";
		};
		D59B04441D6CB04600E6624B /* Lesson Cells */ = {
			isa = PBXGroup;
			children = (
				D59B04451D6CB04600E6624B /* ChallengesTableViewCell.swift */,
				D59B04471D6CB04600E6624B /* LessonTableViewCell.swift */,
				D59B04481D6CB04600E6624B /* QuoteTableViewCell.swift */,
				D54C39761E8973D4002D8AC8 /* BehaviorTableViewCell.swift */,
				D53F1D1F1D76256A00B1A194 /* PledgeTableViewCell.swift */,
				D59B04491D6CB04600E6624B /* SuperLessonTableViewCell.swift */,
			);
			name = "Lesson Cells";
			path = Cells;
			sourceTree = "<group>";
		};
		D59B044D1D6CB04600E6624B /* Pages */ = {
			isa = PBXGroup;
			children = (
				D59B04501D6CB04600E6624B /* LessonViewController.swift */,
				D54C39741E896F87002D8AC8 /* BehaviorViewController.swift */,
				D59B04511D6CB04600E6624B /* QuoteViewController.swift */,
				D53F1D211D7625AF00B1A194 /* PledgeViewController.swift */,
				D59B044E1D6CB04600E6624B /* ChallengesViewController.swift */,
				D59B044F1D6CB04600E6624B /* ChallengeTableViewCell.swift */,
			);
			path = Pages;
			sourceTree = "<group>";
		};
		D5AA5F811E93EF3C00B6EDA4 /* Settings */ = {
			isa = PBXGroup;
			children = (
				D5AA5F821E93EF6200B6EDA4 /* ProfileViewController.swift */,
				D5AA5F841E93EF7900B6EDA4 /* PillarOrderViewController.swift */,
				D5AA5F861E93F48800B6EDA4 /* PillarSwitchTableViewCell.swift */,
			);
			name = Settings;
			path = Login;
			sourceTree = "<group>";
		};
		D5DDD4CE1E8ACDF90051E4FC /* Other Pages */ = {
			isa = PBXGroup;
			children = (
				D5DDD4CF1E8ACE1D0051E4FC /* CreateLessonViewController.swift */,
				D52BAAF81E8D92AA002309C7 /* CreateQuoteViewController.swift */,
				D5DDD4D01E8ACE1D0051E4FC /* NotesViewController.swift */,
			);
			name = "Other Pages";
			sourceTree = "<group>";
		};
		D5F219441E88444E00362B5A /* Views */ = {
			isa = PBXGroup;
			children = (
				D54C39781E89C3DC002D8AC8 /* MyNotesFooterView.swift */,
				D5F219451E88449000362B5A /* CompletedQuestionView.swift */,
			);
			path = Views;
			sourceTree = "<group>";
		};
		D5F3CE3B1D735393003FABEF /* Additional */ = {
			isa = PBXGroup;
			children = (
				D5F3CE4A1D7356F0003FABEF /* DatabasePageViewController.swift */,
				D5F3CE3C1D735393003FABEF /* CatholicViewController.swift */,
				D5F3CE411D735393003FABEF /* SixPillarsViewController.swift */,
			);
			path = Additional;
			sourceTree = "<group>";
		};
		F95806C2F0489CD64B62C2DE /* Pods */ = {
			isa = PBXGroup;
			children = (
				6D815774EF862690FFA80C6F /* Pods-Character.debug.xcconfig */,
				EF26AEB39053B0A42377F61E /* Pods-Character.release.xcconfig */,
			);
			name = Pods;
			sourceTree = "<group>";
		};
/* End PBXGroup section */

/* Begin PBXNativeTarget section */
		D59B04111D6C96D500E6624B /* Character */ = {
			isa = PBXNativeTarget;
			buildConfigurationList = D59B04241D6C96D500E6624B /* Build configuration list for PBXNativeTarget "Character" */;
			buildPhases = (
				724F1FB3DED9B2832B040E16 /* [CP] Check Pods Manifest.lock */,
				D59B040E1D6C96D500E6624B /* Sources */,
				D59B040F1D6C96D500E6624B /* Frameworks */,
				D59B04101D6C96D500E6624B /* Resources */,
				0C6CC67FA75D24B264CC6797 /* [CP] Embed Pods Frameworks */,
				67498E57A6A239F443100EFF /* [CP] Copy Pods Resources */,
			);
			buildRules = (
			);
			dependencies = (
			);
			name = Character;
			productName = Character;
			productReference = D59B04121D6C96D500E6624B /* Character.app */;
			productType = "com.apple.product-type.application";
		};
/* End PBXNativeTarget section */

/* Begin PBXProject section */
		D59B040A1D6C96D500E6624B /* Project object */ = {
			isa = PBXProject;
			attributes = {
				LastSwiftUpdateCheck = 0730;
				LastUpgradeCheck = 0800;
				ORGANIZATIONNAME = Robby;
				TargetAttributes = {
					D59B04111D6C96D500E6624B = {
						CreatedOnToolsVersion = 7.3.1;
						DevelopmentTeam = AC32UAUZT6;
						LastSwiftMigration = 0800;
						SystemCapabilities = {
							com.apple.Keychain = {
								enabled = 1;
							};
						};
					};
				};
			};
			buildConfigurationList = D59B040D1D6C96D500E6624B /* Build configuration list for PBXProject "Character" */;
			compatibilityVersion = "Xcode 3.2";
			developmentRegion = English;
			hasScannedForEncodings = 0;
			knownRegions = (
				en,
				Base,
			);
			mainGroup = D59B04091D6C96D500E6624B;
			productRefGroup = D59B04131D6C96D500E6624B /* Products */;
			projectDirPath = "";
			projectRoot = "";
			targets = (
				D59B04111D6C96D500E6624B /* Character */,
			);
		};
/* End PBXProject section */

/* Begin PBXResourcesBuildPhase section */
		D59B04101D6C96D500E6624B /* Resources */ = {
			isa = PBXResourcesBuildPhase;
			buildActionMask = 2147483647;
			files = (
				D59B04201D6C96D500E6624B /* LaunchScreen.storyboard in Resources */,
				D59B041D1D6C96D500E6624B /* Assets.xcassets in Resources */,
				D59B043F1D6CA51500E6624B /* GoogleService-Info.plist in Resources */,
			);
			runOnlyForDeploymentPostprocessing = 0;
		};
/* End PBXResourcesBuildPhase section */

/* Begin PBXShellScriptBuildPhase section */
		0C6CC67FA75D24B264CC6797 /* [CP] Embed Pods Frameworks */ = {
			isa = PBXShellScriptBuildPhase;
			buildActionMask = 2147483647;
			files = (
			);
			inputPaths = (
			);
			name = "[CP] Embed Pods Frameworks";
			outputPaths = (
			);
			runOnlyForDeploymentPostprocessing = 0;
			shellPath = /bin/sh;
			shellScript = "\"${SRCROOT}/Pods/Target Support Files/Pods-Character/Pods-Character-frameworks.sh\"\n";
			showEnvVarsInLog = 0;
		};
		67498E57A6A239F443100EFF /* [CP] Copy Pods Resources */ = {
			isa = PBXShellScriptBuildPhase;
			buildActionMask = 2147483647;
			files = (
			);
			inputPaths = (
			);
			name = "[CP] Copy Pods Resources";
			outputPaths = (
			);
			runOnlyForDeploymentPostprocessing = 0;
			shellPath = /bin/sh;
			shellScript = "\"${SRCROOT}/Pods/Target Support Files/Pods-Character/Pods-Character-resources.sh\"\n";
			showEnvVarsInLog = 0;
		};
		724F1FB3DED9B2832B040E16 /* [CP] Check Pods Manifest.lock */ = {
			isa = PBXShellScriptBuildPhase;
			buildActionMask = 2147483647;
			files = (
			);
			inputPaths = (
			);
			name = "[CP] Check Pods Manifest.lock";
			outputPaths = (
			);
			runOnlyForDeploymentPostprocessing = 0;
			shellPath = /bin/sh;
			shellScript = "diff \"${PODS_ROOT}/../Podfile.lock\" \"${PODS_ROOT}/Manifest.lock\" > /dev/null\nif [ $? != 0 ] ; then\n    # print error to STDERR\n    echo \"error: The sandbox is not in sync with the Podfile.lock. Run 'pod install' or update your CocoaPods installation.\" >&2\n    exit 1\nfi\n";
			showEnvVarsInLog = 0;
		};
/* End PBXShellScriptBuildPhase section */

/* Begin PBXSourcesBuildPhase section */
		D59B040E1D6C96D500E6624B /* Sources */ = {
			isa = PBXSourcesBuildPhase;
			buildActionMask = 2147483647;
			files = (
				D572F49B1D6DF219000391F2 /* MoreViewController.swift in Sources */,
				D59B043D1D6CA4B700E6624B /* Fire.swift in Sources */,
				D53F1D201D76256A00B1A194 /* PledgeTableViewCell.swift in Sources */,
				D59B045E1D6CB04600E6624B /* ChallengesViewController.swift in Sources */,
				D54C397B1E89CA7F002D8AC8 /* MySubmissionsTableViewController.swift in Sources */,
				D5F3CE471D735393003FABEF /* SixPillarsViewController.swift in Sources */,
				D59B045A1D6CB04600E6624B /* SuperLessonTableViewCell.swift in Sources */,
				D59B04611D6CB04600E6624B /* QuoteViewController.swift in Sources */,
				D54C39771E8973D4002D8AC8 /* BehaviorTableViewCell.swift in Sources */,
				D5AA5F871E93F48800B6EDA4 /* PillarSwitchTableViewCell.swift in Sources */,
				D5F3CE421D735393003FABEF /* CatholicViewController.swift in Sources */,
				D59B043C1D6CA4B700E6624B /* Cache.swift in Sources */,
				D59B04561D6CB04600E6624B /* ChallengesTableViewCell.swift in Sources */,
				D59B04601D6CB04600E6624B /* LessonViewController.swift in Sources */,
				D59B04391D6CA4B700E6624B /* LoginViewController.swift in Sources */,
				D572F4A41D6E0C21000391F2 /* Lesson.swift in Sources */,
				D59B04591D6CB04600E6624B /* QuoteTableViewCell.swift in Sources */,
				D52C40B31D7240BB004A4724 /* FeedbackViewController.swift in Sources */,
				D51C22981E92C89000887F42 /* DateTableViewCell.swift in Sources */,
				D5AA5F831E93EF6200B6EDA4 /* ProfileViewController.swift in Sources */,
				D59B045B1D6CB04600E6624B /* LessonsTableViewController.swift in Sources */,
				D59B04421D6CA75600E6624B /* MasterController.swift in Sources */,
				D5AA5F851E93EF7900B6EDA4 /* PillarOrderViewController.swift in Sources */,
				D59B04581D6CB04600E6624B /* LessonTableViewCell.swift in Sources */,
				D5DDD4D21E8ACE1D0051E4FC /* NotesViewController.swift in Sources */,
				D572F4A81D6E273D000391F2 /* Character.swift in Sources */,
				D56ED1DC1D77532E009D61E6 /* ScoreViewController.swift in Sources */,
				D54C39791E89C3DC002D8AC8 /* MyNotesFooterView.swift in Sources */,
				D5DDD4D11E8ACE1D0051E4FC /* CreateLessonViewController.swift in Sources */,
				D59B045C1D6CB04600E6624B /* LessonTableViewController.swift in Sources */,
				D521BCD81E5DF182004A7756 /* Schedule.swift in Sources */,
				D53F1D221D7625AF00B1A194 /* PledgeViewController.swift in Sources */,
				D572F4A61D6E2729000391F2 /* Extensions.swift in Sources */,
				D5F3CE4B1D7356F0003FABEF /* DatabasePageViewController.swift in Sources */,
				D5F219461E88449000362B5A /* CompletedQuestionView.swift in Sources */,
				D59B045F1D6CB04600E6624B /* ChallengeTableViewCell.swift in Sources */,
				D54C39751E896F87002D8AC8 /* BehaviorViewController.swift in Sources */,
				D59B04161D6C96D500E6624B /* AppDelegate.swift in Sources */,
				D52BAAF91E8D92AA002309C7 /* CreateQuoteViewController.swift in Sources */,
				D59B04571D6CB04600E6624B /* LessonsTableViewCell.swift in Sources */,
				D59B04681D6CBF7000E6624B /* Style.swift in Sources */,
				D5F3CE491D7353EA003FABEF /* CharacterToolsViewController.swift in Sources */,
				D513BB6E1D6F3FE000BA20A6 /* SetupProfileViewController.swift in Sources */,
			);
			runOnlyForDeploymentPostprocessing = 0;
		};
/* End PBXSourcesBuildPhase section */

/* Begin PBXVariantGroup section */
		D59B041E1D6C96D500E6624B /* LaunchScreen.storyboard */ = {
			isa = PBXVariantGroup;
			children = (
				D59B041F1D6C96D500E6624B /* Base */,
			);
			name = LaunchScreen.storyboard;
			sourceTree = "<group>";
		};
/* End PBXVariantGroup section */

/* Begin XCBuildConfiguration section */
		D59B04221D6C96D500E6624B /* Debug */ = {
			isa = XCBuildConfiguration;
			buildSettings = {
				ALWAYS_SEARCH_USER_PATHS = NO;
				CLANG_ANALYZER_NONNULL = YES;
				CLANG_CXX_LANGUAGE_STANDARD = "gnu++0x";
				CLANG_CXX_LIBRARY = "libc++";
				CLANG_ENABLE_MODULES = YES;
				CLANG_ENABLE_OBJC_ARC = YES;
				CLANG_WARN_BOOL_CONVERSION = YES;
				CLANG_WARN_CONSTANT_CONVERSION = YES;
				CLANG_WARN_DIRECT_OBJC_ISA_USAGE = YES_ERROR;
				CLANG_WARN_EMPTY_BODY = YES;
				CLANG_WARN_ENUM_CONVERSION = YES;
				CLANG_WARN_INFINITE_RECURSION = YES;
				CLANG_WARN_INT_CONVERSION = YES;
				CLANG_WARN_OBJC_ROOT_CLASS = YES_ERROR;
				CLANG_WARN_SUSPICIOUS_MOVE = YES;
				CLANG_WARN_UNREACHABLE_CODE = YES;
				CLANG_WARN__DUPLICATE_METHOD_MATCH = YES;
				"CODE_SIGN_IDENTITY[sdk=iphoneos*]" = "iPhone Developer";
				COPY_PHASE_STRIP = NO;
				DEBUG_INFORMATION_FORMAT = dwarf;
				ENABLE_STRICT_OBJC_MSGSEND = YES;
				ENABLE_TESTABILITY = YES;
				GCC_C_LANGUAGE_STANDARD = gnu99;
				GCC_DYNAMIC_NO_PIC = NO;
				GCC_NO_COMMON_BLOCKS = YES;
				GCC_OPTIMIZATION_LEVEL = 0;
				GCC_PREPROCESSOR_DEFINITIONS = (
					"DEBUG=1",
					"$(inherited)",
				);
				GCC_WARN_64_TO_32_BIT_CONVERSION = YES;
				GCC_WARN_ABOUT_RETURN_TYPE = YES_ERROR;
				GCC_WARN_UNDECLARED_SELECTOR = YES;
				GCC_WARN_UNINITIALIZED_AUTOS = YES_AGGRESSIVE;
				GCC_WARN_UNUSED_FUNCTION = YES;
				GCC_WARN_UNUSED_VARIABLE = YES;
				IPHONEOS_DEPLOYMENT_TARGET = 9.0;
				MTL_ENABLE_DEBUG_INFO = YES;
				ONLY_ACTIVE_ARCH = YES;
				SDKROOT = iphoneos;
				SWIFT_OPTIMIZATION_LEVEL = "-Onone";
				TARGETED_DEVICE_FAMILY = "1,2";
			};
			name = Debug;
		};
		D59B04231D6C96D500E6624B /* Release */ = {
			isa = XCBuildConfiguration;
			buildSettings = {
				ALWAYS_SEARCH_USER_PATHS = NO;
				CLANG_ANALYZER_NONNULL = YES;
				CLANG_CXX_LANGUAGE_STANDARD = "gnu++0x";
				CLANG_CXX_LIBRARY = "libc++";
				CLANG_ENABLE_MODULES = YES;
				CLANG_ENABLE_OBJC_ARC = YES;
				CLANG_WARN_BOOL_CONVERSION = YES;
				CLANG_WARN_CONSTANT_CONVERSION = YES;
				CLANG_WARN_DIRECT_OBJC_ISA_USAGE = YES_ERROR;
				CLANG_WARN_EMPTY_BODY = YES;
				CLANG_WARN_ENUM_CONVERSION = YES;
				CLANG_WARN_INFINITE_RECURSION = YES;
				CLANG_WARN_INT_CONVERSION = YES;
				CLANG_WARN_OBJC_ROOT_CLASS = YES_ERROR;
				CLANG_WARN_SUSPICIOUS_MOVE = YES;
				CLANG_WARN_UNREACHABLE_CODE = YES;
				CLANG_WARN__DUPLICATE_METHOD_MATCH = YES;
				"CODE_SIGN_IDENTITY[sdk=iphoneos*]" = "iPhone Developer";
				COPY_PHASE_STRIP = NO;
				DEBUG_INFORMATION_FORMAT = "dwarf-with-dsym";
				ENABLE_NS_ASSERTIONS = NO;
				ENABLE_STRICT_OBJC_MSGSEND = YES;
				GCC_C_LANGUAGE_STANDARD = gnu99;
				GCC_NO_COMMON_BLOCKS = YES;
				GCC_WARN_64_TO_32_BIT_CONVERSION = YES;
				GCC_WARN_ABOUT_RETURN_TYPE = YES_ERROR;
				GCC_WARN_UNDECLARED_SELECTOR = YES;
				GCC_WARN_UNINITIALIZED_AUTOS = YES_AGGRESSIVE;
				GCC_WARN_UNUSED_FUNCTION = YES;
				GCC_WARN_UNUSED_VARIABLE = YES;
				IPHONEOS_DEPLOYMENT_TARGET = 9.0;
				MTL_ENABLE_DEBUG_INFO = NO;
				SDKROOT = iphoneos;
				SWIFT_OPTIMIZATION_LEVEL = "-Owholemodule";
				TARGETED_DEVICE_FAMILY = "1,2";
				VALIDATE_PRODUCT = YES;
			};
			name = Release;
		};
		D59B04251D6C96D500E6624B /* Debug */ = {
			isa = XCBuildConfiguration;
			baseConfigurationReference = 6D815774EF862690FFA80C6F /* Pods-Character.debug.xcconfig */;
			buildSettings = {
				ASSETCATALOG_COMPILER_APPICON_NAME = AppIcon;
				CODE_SIGN_ENTITLEMENTS = Character/Character.entitlements;
				CODE_SIGN_IDENTITY = "iPhone Developer: Jorge Díaz (3EL4K35UPC)";
				"CODE_SIGN_IDENTITY[sdk=iphoneos*]" = "iPhone Developer: Jorge Díaz (3EL4K35UPC)";
				INFOPLIST_FILE = Character/Info.plist;
				IPHONEOS_DEPLOYMENT_TARGET = 9.0;
				LD_RUNPATH_SEARCH_PATHS = "$(inherited) @executable_path/Frameworks";
				PRODUCT_BUNDLE_IDENTIFIER = com.character.CharacterDaily;
				PRODUCT_NAME = "$(TARGET_NAME)";
				PROVISIONING_PROFILE = "ffa84f42-3e3d-40b8-b31a-3a7c94aae5c2";
				SWIFT_VERSION = 3.0;
			};
			name = Debug;
		};
		D59B04261D6C96D500E6624B /* Release */ = {
			isa = XCBuildConfiguration;
			baseConfigurationReference = EF26AEB39053B0A42377F61E /* Pods-Character.release.xcconfig */;
			buildSettings = {
				ASSETCATALOG_COMPILER_APPICON_NAME = AppIcon;
				CODE_SIGN_ENTITLEMENTS = Character/Character.entitlements;
				CODE_SIGN_IDENTITY = "iPhone Distribution: Camera Mundi Inc. (AC32UAUZT6)";
				"CODE_SIGN_IDENTITY[sdk=iphoneos*]" = "iPhone Distribution: Camera Mundi Inc. (AC32UAUZT6)";
				INFOPLIST_FILE = Character/Info.plist;
				IPHONEOS_DEPLOYMENT_TARGET = 9.0;
				LD_RUNPATH_SEARCH_PATHS = "$(inherited) @executable_path/Frameworks";
				PRODUCT_BUNDLE_IDENTIFIER = com.character.CharacterDaily;
				PRODUCT_NAME = "$(TARGET_NAME)";
				PROVISIONING_PROFILE = "3264969d-3c9f-4ef3-a4f1-7b353746d8f1";
				SWIFT_VERSION = 3.0;
			};
			name = Release;
		};
/* End XCBuildConfiguration section */

/* Begin XCConfigurationList section */
		D59B040D1D6C96D500E6624B /* Build configuration list for PBXProject "Character" */ = {
			isa = XCConfigurationList;
			buildConfigurations = (
				D59B04221D6C96D500E6624B /* Debug */,
				D59B04231D6C96D500E6624B /* Release */,
			);
			defaultConfigurationIsVisible = 0;
			defaultConfigurationName = Release;
		};
		D59B04241D6C96D500E6624B /* Build configuration list for PBXNativeTarget "Character" */ = {
			isa = XCConfigurationList;
			buildConfigurations = (
				D59B04251D6C96D500E6624B /* Debug */,
				D59B04261D6C96D500E6624B /* Release */,
			);
			defaultConfigurationIsVisible = 0;
			defaultConfigurationName = Release;
		};
/* End XCConfigurationList section */
	};
	rootObject = D59B040A1D6C96D500E6624B /* Project object */;
}
